
Microsoft Visual Studio Solution File, Format Version 12.00
# Visual Studio Version 17
VisualStudioVersion = 17.3.32929.385
MinimumVisualStudioVersion = 10.0.40219.1
Project("{FAE04EC0-301F-11D3-BF4B-00C04F79EFBC}") = "TestLib", "TestLib\TestLib.csproj", "{2F9886C8-5197-4EDB-95CA-3FDDA647B75B}"
EndProject
Global
	GlobalSection(SolutionConfigurationPlatforms) = preSolution
		Debug|Any CPU = Debug|Any CPU
		Release|Any CPU = Release|Any CPU
	EndGlobalSection
	GlobalSection(ProjectConfigurationPlatforms) = postSolution
		{2F9886C8-5197-4EDB-95CA-3FDDA647B75B}.Debug|Any CPU.ActiveCfg = Debug|Any CPU
		{2F9886C8-5197-4EDB-95CA-3FDDA647B75B}.Debug|Any CPU.Build.0 = Debug|Any CPU
		{2F9886C8-5197-4EDB-95CA-3FDDA647B75B}.Release|Any CPU.ActiveCfg = Release|Any CPU
		{2F9886C8-5197-4EDB-95CA-3FDDA647B75B}.Release|Any CPU.Build.0 = Release|Any CPU
	EndGlobalSection
	GlobalSection(SolutionProperties) = preSolution
		HideSolutionNode = FALSE
	EndGlobalSection
	GlobalSection(ExtensibilityGlobals) = postSolution
		SolutionGuid = {D6579588-1512-4130-A9DD-CD938C54AA21}
	EndGlobalSection
EndGlobal
